// !$*UTF8*$!
{
	archiveVersion = 1;
	classes = {
	};
	objectVersion = 48;
	objects = {

/* Begin PBXBuildFile section */
		61DFBC33F35AB378421D69F9 /* Pods_eWallet.framework in Frameworks */ = {isa = PBXBuildFile; fileRef = 25C7CB7DA45B46970B59730D /* Pods_eWallet.framework */; };
		6338510F0A56C1804430BB69 /* Pods_eWalletTests.framework in Frameworks */ = {isa = PBXBuildFile; fileRef = 08A3FD731D5FE515C42BD5DE /* Pods_eWalletTests.framework */; };
		79247BB11FCE56C2003BCC58 /* RegisterController.swift in Sources */ = {isa = PBXBuildFile; fileRef = 79247BB01FCE56C2003BCC58 /* RegisterController.swift */; };
		7961C7912009505200AB93A6 /* PaymentController.swift in Sources */ = {isa = PBXBuildFile; fileRef = 7961C7902009505200AB93A6 /* PaymentController.swift */; };
		7982AA241FDD3BD800BD2078 /* Assets.xcassets in Resources */ = {isa = PBXBuildFile; fileRef = 7982AA231FDD3BD800BD2078 /* Assets.xcassets */; };
		7982AA261FE2813700BD2078 /* HistoryPaymentController.swift in Sources */ = {isa = PBXBuildFile; fileRef = 7982AA251FE2813700BD2078 /* HistoryPaymentController.swift */; };
		79C58DF51FCAD64A00CB5C4B /* GoogleService-Info.plist in Resources */ = {isa = PBXBuildFile; fileRef = 79C58DF41FCAD64A00CB5C4B /* GoogleService-Info.plist */; };
		79C58DF71FCAEA4400CB5C4B /* MainPageController.swift in Sources */ = {isa = PBXBuildFile; fileRef = 79C58DF61FCAEA4400CB5C4B /* MainPageController.swift */; };
		79F0FA551FCAD08A00EDF1AE /* AppDelegate.swift in Sources */ = {isa = PBXBuildFile; fileRef = 79F0FA541FCAD08A00EDF1AE /* AppDelegate.swift */; };
		79F0FA571FCAD08A00EDF1AE /* LoginPageController.swift in Sources */ = {isa = PBXBuildFile; fileRef = 79F0FA561FCAD08A00EDF1AE /* LoginPageController.swift */; };
		79F0FA5A1FCAD08A00EDF1AE /* Main.storyboard in Resources */ = {isa = PBXBuildFile; fileRef = 79F0FA581FCAD08A00EDF1AE /* Main.storyboard */; };
		79F0FA5F1FCAD08A00EDF1AE /* LaunchScreen.storyboard in Resources */ = {isa = PBXBuildFile; fileRef = 79F0FA5D1FCAD08A00EDF1AE /* LaunchScreen.storyboard */; };
		79F0FA6A1FCAD08A00EDF1AE /* eWalletTests.swift in Sources */ = {isa = PBXBuildFile; fileRef = 79F0FA691FCAD08A00EDF1AE /* eWalletTests.swift */; };
		79F0FA751FCAD08A00EDF1AE /* eWalletUITests.swift in Sources */ = {isa = PBXBuildFile; fileRef = 79F0FA741FCAD08A00EDF1AE /* eWalletUITests.swift */; };
		79F18E8D20078C310091530A /* GenerateQRController.swift in Sources */ = {isa = PBXBuildFile; fileRef = 79F18E8C20078C310091530A /* GenerateQRController.swift */; };
		A605282D707DDD044B16E1BC /* Pods_eWalletUITests.framework in Frameworks */ = {isa = PBXBuildFile; fileRef = 7DA081CB31FDEE7E5FDC53C4 /* Pods_eWalletUITests.framework */; };
/* End PBXBuildFile section */

/* Begin PBXContainerItemProxy section */
		79F0FA661FCAD08A00EDF1AE /* PBXContainerItemProxy */ = {
			isa = PBXContainerItemProxy;
			containerPortal = 79F0FA491FCAD08A00EDF1AE /* Project object */;
			proxyType = 1;
			remoteGlobalIDString = 79F0FA501FCAD08A00EDF1AE;
			remoteInfo = eWallet;
		};
		79F0FA711FCAD08A00EDF1AE /* PBXContainerItemProxy */ = {
			isa = PBXContainerItemProxy;
			containerPortal = 79F0FA491FCAD08A00EDF1AE /* Project object */;
			proxyType = 1;
			remoteGlobalIDString = 79F0FA501FCAD08A00EDF1AE;
			remoteInfo = eWallet;
		};
/* End PBXContainerItemProxy section */

/* Begin PBXFileReference section */
		08A3FD731D5FE515C42BD5DE /* Pods_eWalletTests.framework */ = {isa = PBXFileReference; explicitFileType = wrapper.framework; includeInIndex = 0; path = Pods_eWalletTests.framework; sourceTree = BUILT_PRODUCTS_DIR; };
		25C7CB7DA45B46970B59730D /* Pods_eWallet.framework */ = {isa = PBXFileReference; explicitFileType = wrapper.framework; includeInIndex = 0; path = Pods_eWallet.framework; sourceTree = BUILT_PRODUCTS_DIR; };
		44C23890938D573BAEE955BA /* Pods-eWalletTests.release.xcconfig */ = {isa = PBXFileReference; includeInIndex = 1; lastKnownFileType = text.xcconfig; name = "Pods-eWalletTests.release.xcconfig"; path = "Pods/Target Support Files/Pods-eWalletTests/Pods-eWalletTests.release.xcconfig"; sourceTree = "<group>"; };
		5A4A18E3B6113E6B90096CF5 /* Pods-eWalletTests.debug.xcconfig */ = {isa = PBXFileReference; includeInIndex = 1; lastKnownFileType = text.xcconfig; name = "Pods-eWalletTests.debug.xcconfig"; path = "Pods/Target Support Files/Pods-eWalletTests/Pods-eWalletTests.debug.xcconfig"; sourceTree = "<group>"; };
		79247BB01FCE56C2003BCC58 /* RegisterController.swift */ = {isa = PBXFileReference; lastKnownFileType = sourcecode.swift; path = RegisterController.swift; sourceTree = "<group>"; };
		7961C7902009505200AB93A6 /* PaymentController.swift */ = {isa = PBXFileReference; lastKnownFileType = sourcecode.swift; path = PaymentController.swift; sourceTree = "<group>"; };
		7982AA231FDD3BD800BD2078 /* Assets.xcassets */ = {isa = PBXFileReference; lastKnownFileType = folder.assetcatalog; name = Assets.xcassets; path = eWallet/Assets.xcassets; sourceTree = SOURCE_ROOT; };
		7982AA251FE2813700BD2078 /* HistoryPaymentController.swift */ = {isa = PBXFileReference; lastKnownFileType = sourcecode.swift; path = HistoryPaymentController.swift; sourceTree = "<group>"; };
		79C58DF41FCAD64A00CB5C4B /* GoogleService-Info.plist */ = {isa = PBXFileReference; fileEncoding = 4; lastKnownFileType = text.plist.xml; path = "GoogleService-Info.plist"; sourceTree = "<group>"; };
		79C58DF61FCAEA4400CB5C4B /* MainPageController.swift */ = {isa = PBXFileReference; lastKnownFileType = sourcecode.swift; path = MainPageController.swift; sourceTree = "<group>"; };
		79F0FA511FCAD08A00EDF1AE /* eWallet.app */ = {isa = PBXFileReference; explicitFileType = wrapper.application; includeInIndex = 0; path = eWallet.app; sourceTree = BUILT_PRODUCTS_DIR; };
		79F0FA541FCAD08A00EDF1AE /* AppDelegate.swift */ = {isa = PBXFileReference; lastKnownFileType = sourcecode.swift; path = AppDelegate.swift; sourceTree = "<group>"; };
		79F0FA561FCAD08A00EDF1AE /* LoginPageController.swift */ = {isa = PBXFileReference; lastKnownFileType = sourcecode.swift; path = LoginPageController.swift; sourceTree = "<group>"; };
		79F0FA591FCAD08A00EDF1AE /* Base */ = {isa = PBXFileReference; lastKnownFileType = file.storyboard; name = Base; path = Base.lproj/Main.storyboard; sourceTree = "<group>"; };
		79F0FA5E1FCAD08A00EDF1AE /* Base */ = {isa = PBXFileReference; lastKnownFileType = file.storyboard; name = Base; path = Base.lproj/LaunchScreen.storyboard; sourceTree = "<group>"; };
		79F0FA601FCAD08A00EDF1AE /* Info.plist */ = {isa = PBXFileReference; lastKnownFileType = text.plist.xml; path = Info.plist; sourceTree = "<group>"; };
		79F0FA651FCAD08A00EDF1AE /* eWalletTests.xctest */ = {isa = PBXFileReference; explicitFileType = wrapper.cfbundle; includeInIndex = 0; path = eWalletTests.xctest; sourceTree = BUILT_PRODUCTS_DIR; };
		79F0FA691FCAD08A00EDF1AE /* eWalletTests.swift */ = {isa = PBXFileReference; lastKnownFileType = sourcecode.swift; path = eWalletTests.swift; sourceTree = "<group>"; };
		79F0FA6B1FCAD08A00EDF1AE /* Info.plist */ = {isa = PBXFileReference; lastKnownFileType = text.plist.xml; path = Info.plist; sourceTree = "<group>"; };
		79F0FA701FCAD08A00EDF1AE /* eWalletUITests.xctest */ = {isa = PBXFileReference; explicitFileType = wrapper.cfbundle; includeInIndex = 0; path = eWalletUITests.xctest; sourceTree = BUILT_PRODUCTS_DIR; };
		79F0FA741FCAD08A00EDF1AE /* eWalletUITests.swift */ = {isa = PBXFileReference; lastKnownFileType = sourcecode.swift; path = eWalletUITests.swift; sourceTree = "<group>"; };
		79F0FA761FCAD08A00EDF1AE /* Info.plist */ = {isa = PBXFileReference; lastKnownFileType = text.plist.xml; path = Info.plist; sourceTree = "<group>"; };
		79F18E8C20078C310091530A /* GenerateQRController.swift */ = {isa = PBXFileReference; lastKnownFileType = sourcecode.swift; path = GenerateQRController.swift; sourceTree = "<group>"; };
		7DA081CB31FDEE7E5FDC53C4 /* Pods_eWalletUITests.framework */ = {isa = PBXFileReference; explicitFileType = wrapper.framework; includeInIndex = 0; path = Pods_eWalletUITests.framework; sourceTree = BUILT_PRODUCTS_DIR; };
		A3BB8E22AEBD25EAD0433967 /* Pods-eWallet.debug.xcconfig */ = {isa = PBXFileReference; includeInIndex = 1; lastKnownFileType = text.xcconfig; name = "Pods-eWallet.debug.xcconfig"; path = "Pods/Target Support Files/Pods-eWallet/Pods-eWallet.debug.xcconfig"; sourceTree = "<group>"; };
		AE5346AD8F8E93C8F60D0F22 /* Pods-eWallet.release.xcconfig */ = {isa = PBXFileReference; includeInIndex = 1; lastKnownFileType = text.xcconfig; name = "Pods-eWallet.release.xcconfig"; path = "Pods/Target Support Files/Pods-eWallet/Pods-eWallet.release.xcconfig"; sourceTree = "<group>"; };
		E20C30F17FB2954D12327357 /* Pods-eWalletUITests.release.xcconfig */ = {isa = PBXFileReference; includeInIndex = 1; lastKnownFileType = text.xcconfig; name = "Pods-eWalletUITests.release.xcconfig"; path = "Pods/Target Support Files/Pods-eWalletUITests/Pods-eWalletUITests.release.xcconfig"; sourceTree = "<group>"; };
		E48E3CEFCAA068D33CD3D083 /* Pods-eWalletUITests.debug.xcconfig */ = {isa = PBXFileReference; includeInIndex = 1; lastKnownFileType = text.xcconfig; name = "Pods-eWalletUITests.debug.xcconfig"; path = "Pods/Target Support Files/Pods-eWalletUITests/Pods-eWalletUITests.debug.xcconfig"; sourceTree = "<group>"; };
/* End PBXFileReference section */

/* Begin PBXFrameworksBuildPhase section */
		79F0FA4E1FCAD08A00EDF1AE /* Frameworks */ = {
			isa = PBXFrameworksBuildPhase;
			buildActionMask = 2147483647;
			files = (
				61DFBC33F35AB378421D69F9 /* Pods_eWallet.framework in Frameworks */,
			);
			runOnlyForDeploymentPostprocessing = 0;
		};
		79F0FA621FCAD08A00EDF1AE /* Frameworks */ = {
			isa = PBXFrameworksBuildPhase;
			buildActionMask = 2147483647;
			files = (
				6338510F0A56C1804430BB69 /* Pods_eWalletTests.framework in Frameworks */,
			);
			runOnlyForDeploymentPostprocessing = 0;
		};
		79F0FA6D1FCAD08A00EDF1AE /* Frameworks */ = {
			isa = PBXFrameworksBuildPhase;
			buildActionMask = 2147483647;
			files = (
				A605282D707DDD044B16E1BC /* Pods_eWalletUITests.framework in Frameworks */,
			);
			runOnlyForDeploymentPostprocessing = 0;
		};
/* End PBXFrameworksBuildPhase section */

/* Begin PBXGroup section */
		29B0BCAAA63A4572BFBB67B2 /* Frameworks */ = {
			isa = PBXGroup;
			children = (
				25C7CB7DA45B46970B59730D /* Pods_eWallet.framework */,
				08A3FD731D5FE515C42BD5DE /* Pods_eWalletTests.framework */,
				7DA081CB31FDEE7E5FDC53C4 /* Pods_eWalletUITests.framework */,
			);
			name = Frameworks;
			sourceTree = "<group>";
		};
		792729B01FCC81AF0064D95F /* Controller */ = {
			isa = PBXGroup;
			children = (
				79C58DF61FCAEA4400CB5C4B /* MainPageController.swift */,
				79F0FA561FCAD08A00EDF1AE /* LoginPageController.swift */,
				79247BB01FCE56C2003BCC58 /* RegisterController.swift */,
				7982AA251FE2813700BD2078 /* HistoryPaymentController.swift */,
				79F18E8C20078C310091530A /* GenerateQRController.swift */,
				7961C7902009505200AB93A6 /* PaymentController.swift */,
			);
			path = Controller;
			sourceTree = "<group>";
		};
		79C58DF31FCAD3CA00CB5C4B /* Storyboard */ = {
			isa = PBXGroup;
			children = (
				79F0FA581FCAD08A00EDF1AE /* Main.storyboard */,
				79F0FA5D1FCAD08A00EDF1AE /* LaunchScreen.storyboard */,
			);
			path = Storyboard;
			sourceTree = "<group>";
		};
		79F0FA481FCAD08A00EDF1AE = {
			isa = PBXGroup;
			children = (
				79F0FA531FCAD08A00EDF1AE /* eWallet */,
				79F0FA681FCAD08A00EDF1AE /* eWalletTests */,
				79F0FA731FCAD08A00EDF1AE /* eWalletUITests */,
				79F0FA521FCAD08A00EDF1AE /* Products */,
				ADBB98C6FDCBE7DF25B432DF /* Pods */,
				29B0BCAAA63A4572BFBB67B2 /* Frameworks */,
			);
			sourceTree = "<group>";
		};
		79F0FA521FCAD08A00EDF1AE /* Products */ = {
			isa = PBXGroup;
			children = (
				79F0FA511FCAD08A00EDF1AE /* eWallet.app */,
				79F0FA651FCAD08A00EDF1AE /* eWalletTests.xctest */,
				79F0FA701FCAD08A00EDF1AE /* eWalletUITests.xctest */,
			);
			name = Products;
			sourceTree = "<group>";
		};
		79F0FA531FCAD08A00EDF1AE /* eWallet */ = {
			isa = PBXGroup;
			children = (
				792729B01FCC81AF0064D95F /* Controller */,
				79F0FA541FCAD08A00EDF1AE /* AppDelegate.swift */,
				79C58DF31FCAD3CA00CB5C4B /* Storyboard */,
				79C58DF41FCAD64A00CB5C4B /* GoogleService-Info.plist */,
				7982AA231FDD3BD800BD2078 /* Assets.xcassets */,
				79F0FA601FCAD08A00EDF1AE /* Info.plist */,
			);
			path = eWallet;
			sourceTree = "<group>";
		};
		79F0FA681FCAD08A00EDF1AE /* eWalletTests */ = {
			isa = PBXGroup;
			children = (
				79F0FA691FCAD08A00EDF1AE /* eWalletTests.swift */,
				79F0FA6B1FCAD08A00EDF1AE /* Info.plist */,
			);
			path = eWalletTests;
			sourceTree = "<group>";
		};
		79F0FA731FCAD08A00EDF1AE /* eWalletUITests */ = {
			isa = PBXGroup;
			children = (
				79F0FA741FCAD08A00EDF1AE /* eWalletUITests.swift */,
				79F0FA761FCAD08A00EDF1AE /* Info.plist */,
			);
			path = eWalletUITests;
			sourceTree = "<group>";
		};
		ADBB98C6FDCBE7DF25B432DF /* Pods */ = {
			isa = PBXGroup;
			children = (
				A3BB8E22AEBD25EAD0433967 /* Pods-eWallet.debug.xcconfig */,
				AE5346AD8F8E93C8F60D0F22 /* Pods-eWallet.release.xcconfig */,
				5A4A18E3B6113E6B90096CF5 /* Pods-eWalletTests.debug.xcconfig */,
				44C23890938D573BAEE955BA /* Pods-eWalletTests.release.xcconfig */,
				E48E3CEFCAA068D33CD3D083 /* Pods-eWalletUITests.debug.xcconfig */,
				E20C30F17FB2954D12327357 /* Pods-eWalletUITests.release.xcconfig */,
			);
			name = Pods;
			sourceTree = "<group>";
		};
/* End PBXGroup section */

/* Begin PBXNativeTarget section */
		79F0FA501FCAD08A00EDF1AE /* eWallet */ = {
			isa = PBXNativeTarget;
			buildConfigurationList = 79F0FA791FCAD08A00EDF1AE /* Build configuration list for PBXNativeTarget "eWallet" */;
			buildPhases = (
				992ECA2CF8FD073D2A6C7EED /* [CP] Check Pods Manifest.lock */,
				79F0FA4D1FCAD08A00EDF1AE /* Sources */,
				79F0FA4E1FCAD08A00EDF1AE /* Frameworks */,
				79F0FA4F1FCAD08A00EDF1AE /* Resources */,
				E1A2AC1C4D117CA410B81E7D /* [CP] Embed Pods Frameworks */,
				29F32917C8FCEE0E22404306 /* [CP] Copy Pods Resources */,
			);
			buildRules = (
			);
			dependencies = (
			);
			name = eWallet;
			productName = eWallet;
			productReference = 79F0FA511FCAD08A00EDF1AE /* eWallet.app */;
			productType = "com.apple.product-type.application";
		};
		79F0FA641FCAD08A00EDF1AE /* eWalletTests */ = {
			isa = PBXNativeTarget;
			buildConfigurationList = 79F0FA7C1FCAD08A00EDF1AE /* Build configuration list for PBXNativeTarget "eWalletTests" */;
			buildPhases = (
				2464F21AD68105AE66ED3973 /* [CP] Check Pods Manifest.lock */,
				79F0FA611FCAD08A00EDF1AE /* Sources */,
				79F0FA621FCAD08A00EDF1AE /* Frameworks */,
				79F0FA631FCAD08A00EDF1AE /* Resources */,
				B140FE25546F196DD765D33A /* [CP] Embed Pods Frameworks */,
				204818A6E2D228C481B402B8 /* [CP] Copy Pods Resources */,
			);
			buildRules = (
			);
			dependencies = (
				79F0FA671FCAD08A00EDF1AE /* PBXTargetDependency */,
			);
			name = eWalletTests;
			productName = eWalletTests;
			productReference = 79F0FA651FCAD08A00EDF1AE /* eWalletTests.xctest */;
			productType = "com.apple.product-type.bundle.unit-test";
		};
		79F0FA6F1FCAD08A00EDF1AE /* eWalletUITests */ = {
			isa = PBXNativeTarget;
			buildConfigurationList = 79F0FA7F1FCAD08A00EDF1AE /* Build configuration list for PBXNativeTarget "eWalletUITests" */;
			buildPhases = (
				D8A2599F44BBBD754662EC62 /* [CP] Check Pods Manifest.lock */,
				79F0FA6C1FCAD08A00EDF1AE /* Sources */,
				79F0FA6D1FCAD08A00EDF1AE /* Frameworks */,
				79F0FA6E1FCAD08A00EDF1AE /* Resources */,
				5178B12936598283FADB3CD6 /* [CP] Embed Pods Frameworks */,
				4A7616A2C84FD64EFF1F15AC /* [CP] Copy Pods Resources */,
			);
			buildRules = (
			);
			dependencies = (
				79F0FA721FCAD08A00EDF1AE /* PBXTargetDependency */,
			);
			name = eWalletUITests;
			productName = eWalletUITests;
			productReference = 79F0FA701FCAD08A00EDF1AE /* eWalletUITests.xctest */;
			productType = "com.apple.product-type.bundle.ui-testing";
		};
/* End PBXNativeTarget section */

/* Begin PBXProject section */
		79F0FA491FCAD08A00EDF1AE /* Project object */ = {
			isa = PBXProject;
			attributes = {
				LastSwiftUpdateCheck = 0910;
				LastUpgradeCheck = 0910;
				ORGANIZATIONNAME = "chain'rong KST";
				TargetAttributes = {
					79F0FA501FCAD08A00EDF1AE = {
						CreatedOnToolsVersion = 9.1;
						ProvisioningStyle = Automatic;
					};
					79F0FA641FCAD08A00EDF1AE = {
						CreatedOnToolsVersion = 9.1;
						ProvisioningStyle = Automatic;
						TestTargetID = 79F0FA501FCAD08A00EDF1AE;
					};
					79F0FA6F1FCAD08A00EDF1AE = {
						CreatedOnToolsVersion = 9.1;
						ProvisioningStyle = Automatic;
						TestTargetID = 79F0FA501FCAD08A00EDF1AE;
					};
				};
			};
			buildConfigurationList = 79F0FA4C1FCAD08A00EDF1AE /* Build configuration list for PBXProject "eWallet" */;
			compatibilityVersion = "Xcode 8.0";
			developmentRegion = en;
			hasScannedForEncodings = 0;
			knownRegions = (
				en,
				Base,
			);
			mainGroup = 79F0FA481FCAD08A00EDF1AE;
			productRefGroup = 79F0FA521FCAD08A00EDF1AE /* Products */;
			projectDirPath = "";
			projectRoot = "";
			targets = (
				79F0FA501FCAD08A00EDF1AE /* eWallet */,
				79F0FA641FCAD08A00EDF1AE /* eWalletTests */,
				79F0FA6F1FCAD08A00EDF1AE /* eWalletUITests */,
			);
		};
/* End PBXProject section */

/* Begin PBXResourcesBuildPhase section */
		79F0FA4F1FCAD08A00EDF1AE /* Resources */ = {
			isa = PBXResourcesBuildPhase;
			buildActionMask = 2147483647;
			files = (
				79F0FA5F1FCAD08A00EDF1AE /* LaunchScreen.storyboard in Resources */,
				79C58DF51FCAD64A00CB5C4B /* GoogleService-Info.plist in Resources */,
				7982AA241FDD3BD800BD2078 /* Assets.xcassets in Resources */,
				79F0FA5A1FCAD08A00EDF1AE /* Main.storyboard in Resources */,
			);
			runOnlyForDeploymentPostprocessing = 0;
		};
		79F0FA631FCAD08A00EDF1AE /* Resources */ = {
			isa = PBXResourcesBuildPhase;
			buildActionMask = 2147483647;
			files = (
			);
			runOnlyForDeploymentPostprocessing = 0;
		};
		79F0FA6E1FCAD08A00EDF1AE /* Resources */ = {
			isa = PBXResourcesBuildPhase;
			buildActionMask = 2147483647;
			files = (
			);
			runOnlyForDeploymentPostprocessing = 0;
		};
/* End PBXResourcesBuildPhase section */

/* Begin PBXShellScriptBuildPhase section */
		204818A6E2D228C481B402B8 /* [CP] Copy Pods Resources */ = {
			isa = PBXShellScriptBuildPhase;
			buildActionMask = 2147483647;
			files = (
			);
			inputPaths = (
			);
			name = "[CP] Copy Pods Resources";
			outputPaths = (
			);
			runOnlyForDeploymentPostprocessing = 0;
			shellPath = /bin/sh;
			shellScript = "\"${SRCROOT}/Pods/Target Support Files/Pods-eWalletTests/Pods-eWalletTests-resources.sh\"\n";
			showEnvVarsInLog = 0;
		};
		2464F21AD68105AE66ED3973 /* [CP] Check Pods Manifest.lock */ = {
			isa = PBXShellScriptBuildPhase;
			buildActionMask = 2147483647;
			files = (
			);
			inputPaths = (
				"${PODS_PODFILE_DIR_PATH}/Podfile.lock",
				"${PODS_ROOT}/Manifest.lock",
			);
			name = "[CP] Check Pods Manifest.lock";
			outputPaths = (
				"$(DERIVED_FILE_DIR)/Pods-eWalletTests-checkManifestLockResult.txt",
			);
			runOnlyForDeploymentPostprocessing = 0;
			shellPath = /bin/sh;
			shellScript = "diff \"${PODS_PODFILE_DIR_PATH}/Podfile.lock\" \"${PODS_ROOT}/Manifest.lock\" > /dev/null\nif [ $? != 0 ] ; then\n    # print error to STDERR\n    echo \"error: The sandbox is not in sync with the Podfile.lock. Run 'pod install' or update your CocoaPods installation.\" >&2\n    exit 1\nfi\n# This output is used by Xcode 'outputs' to avoid re-running this script phase.\necho \"SUCCESS\" > \"${SCRIPT_OUTPUT_FILE_0}\"\n";
			showEnvVarsInLog = 0;
		};
		29F32917C8FCEE0E22404306 /* [CP] Copy Pods Resources */ = {
			isa = PBXShellScriptBuildPhase;
			buildActionMask = 2147483647;
			files = (
			);
			inputPaths = (
			);
			name = "[CP] Copy Pods Resources";
			outputPaths = (
			);
			runOnlyForDeploymentPostprocessing = 0;
			shellPath = /bin/sh;
			shellScript = "\"${SRCROOT}/Pods/Target Support Files/Pods-eWallet/Pods-eWallet-resources.sh\"\n";
			showEnvVarsInLog = 0;
		};
		4A7616A2C84FD64EFF1F15AC /* [CP] Copy Pods Resources */ = {
			isa = PBXShellScriptBuildPhase;
			buildActionMask = 2147483647;
			files = (
			);
			inputPaths = (
			);
			name = "[CP] Copy Pods Resources";
			outputPaths = (
			);
			runOnlyForDeploymentPostprocessing = 0;
			shellPath = /bin/sh;
			shellScript = "\"${SRCROOT}/Pods/Target Support Files/Pods-eWalletUITests/Pods-eWalletUITests-resources.sh\"\n";
			showEnvVarsInLog = 0;
		};
		5178B12936598283FADB3CD6 /* [CP] Embed Pods Frameworks */ = {
			isa = PBXShellScriptBuildPhase;
			buildActionMask = 2147483647;
			files = (
			);
			inputPaths = (
			);
			name = "[CP] Embed Pods Frameworks";
			outputPaths = (
			);
			runOnlyForDeploymentPostprocessing = 0;
			shellPath = /bin/sh;
			shellScript = "\"${SRCROOT}/Pods/Target Support Files/Pods-eWalletUITests/Pods-eWalletUITests-frameworks.sh\"\n";
			showEnvVarsInLog = 0;
		};
		992ECA2CF8FD073D2A6C7EED /* [CP] Check Pods Manifest.lock */ = {
			isa = PBXShellScriptBuildPhase;
			buildActionMask = 2147483647;
			files = (
			);
			inputPaths = (
				"${PODS_PODFILE_DIR_PATH}/Podfile.lock",
				"${PODS_ROOT}/Manifest.lock",
			);
			name = "[CP] Check Pods Manifest.lock";
			outputPaths = (
				"$(DERIVED_FILE_DIR)/Pods-eWallet-checkManifestLockResult.txt",
			);
			runOnlyForDeploymentPostprocessing = 0;
			shellPath = /bin/sh;
			shellScript = "diff \"${PODS_PODFILE_DIR_PATH}/Podfile.lock\" \"${PODS_ROOT}/Manifest.lock\" > /dev/null\nif [ $? != 0 ] ; then\n    # print error to STDERR\n    echo \"error: The sandbox is not in sync with the Podfile.lock. Run 'pod install' or update your CocoaPods installation.\" >&2\n    exit 1\nfi\n# This output is used by Xcode 'outputs' to avoid re-running this script phase.\necho \"SUCCESS\" > \"${SCRIPT_OUTPUT_FILE_0}\"\n";
			showEnvVarsInLog = 0;
		};
		B140FE25546F196DD765D33A /* [CP] Embed Pods Frameworks */ = {
			isa = PBXShellScriptBuildPhase;
			buildActionMask = 2147483647;
			files = (
			);
			inputPaths = (
			);
			name = "[CP] Embed Pods Frameworks";
			outputPaths = (
			);
			runOnlyForDeploymentPostprocessing = 0;
			shellPath = /bin/sh;
			shellScript = "\"${SRCROOT}/Pods/Target Support Files/Pods-eWalletTests/Pods-eWalletTests-frameworks.sh\"\n";
			showEnvVarsInLog = 0;
		};
		D8A2599F44BBBD754662EC62 /* [CP] Check Pods Manifest.lock */ = {
			isa = PBXShellScriptBuildPhase;
			buildActionMask = 2147483647;
			files = (
			);
			inputPaths = (
				"${PODS_PODFILE_DIR_PATH}/Podfile.lock",
				"${PODS_ROOT}/Manifest.lock",
			);
			name = "[CP] Check Pods Manifest.lock";
			outputPaths = (
				"$(DERIVED_FILE_DIR)/Pods-eWalletUITests-checkManifestLockResult.txt",
			);
			runOnlyForDeploymentPostprocessing = 0;
			shellPath = /bin/sh;
			shellScript = "diff \"${PODS_PODFILE_DIR_PATH}/Podfile.lock\" \"${PODS_ROOT}/Manifest.lock\" > /dev/null\nif [ $? != 0 ] ; then\n    # print error to STDERR\n    echo \"error: The sandbox is not in sync with the Podfile.lock. Run 'pod install' or update your CocoaPods installation.\" >&2\n    exit 1\nfi\n# This output is used by Xcode 'outputs' to avoid re-running this script phase.\necho \"SUCCESS\" > \"${SCRIPT_OUTPUT_FILE_0}\"\n";
			showEnvVarsInLog = 0;
		};
		E1A2AC1C4D117CA410B81E7D /* [CP] Embed Pods Frameworks */ = {
			isa = PBXShellScriptBuildPhase;
			buildActionMask = 2147483647;
			files = (
			);
			inputPaths = (
				"${SRCROOT}/Pods/Target Support Files/Pods-eWallet/Pods-eWallet-frameworks.sh",
				"${BUILT_PRODUCTS_DIR}/BoringSSL/openssl.framework",
				"${BUILT_PRODUCTS_DIR}/GTMSessionFetcher/GTMSessionFetcher.framework",
				"${BUILT_PRODUCTS_DIR}/GoogleToolboxForMac/GoogleToolboxForMac.framework",
				"${BUILT_PRODUCTS_DIR}/IQKeyboardManagerSwift/IQKeyboardManagerSwift.framework",
				"${BUILT_PRODUCTS_DIR}/Protobuf/Protobuf.framework",
				"${BUILT_PRODUCTS_DIR}/gRPC/GRPCClient.framework",
				"${BUILT_PRODUCTS_DIR}/gRPC-Core/grpc.framework",
				"${BUILT_PRODUCTS_DIR}/gRPC-ProtoRPC/ProtoRPC.framework",
				"${BUILT_PRODUCTS_DIR}/gRPC-RxLibrary/RxLibrary.framework",
				"${BUILT_PRODUCTS_DIR}/leveldb-library/leveldb.framework",
				"${BUILT_PRODUCTS_DIR}/nanopb/nanopb.framework",
			);
			name = "[CP] Embed Pods Frameworks";
			outputPaths = (
				"${TARGET_BUILD_DIR}/${FRAMEWORKS_FOLDER_PATH}/openssl.framework",
				"${TARGET_BUILD_DIR}/${FRAMEWORKS_FOLDER_PATH}/GTMSessionFetcher.framework",
				"${TARGET_BUILD_DIR}/${FRAMEWORKS_FOLDER_PATH}/GoogleToolboxForMac.framework",
				"${TARGET_BUILD_DIR}/${FRAMEWORKS_FOLDER_PATH}/IQKeyboardManagerSwift.framework",
				"${TARGET_BUILD_DIR}/${FRAMEWORKS_FOLDER_PATH}/Protobuf.framework",
				"${TARGET_BUILD_DIR}/${FRAMEWORKS_FOLDER_PATH}/GRPCClient.framework",
				"${TARGET_BUILD_DIR}/${FRAMEWORKS_FOLDER_PATH}/grpc.framework",
				"${TARGET_BUILD_DIR}/${FRAMEWORKS_FOLDER_PATH}/ProtoRPC.framework",
				"${TARGET_BUILD_DIR}/${FRAMEWORKS_FOLDER_PATH}/RxLibrary.framework",
				"${TARGET_BUILD_DIR}/${FRAMEWORKS_FOLDER_PATH}/leveldb.framework",
				"${TARGET_BUILD_DIR}/${FRAMEWORKS_FOLDER_PATH}/nanopb.framework",
			);
			runOnlyForDeploymentPostprocessing = 0;
			shellPath = /bin/sh;
			shellScript = "\"${SRCROOT}/Pods/Target Support Files/Pods-eWallet/Pods-eWallet-frameworks.sh\"\n";
			showEnvVarsInLog = 0;
		};
/* End PBXShellScriptBuildPhase section */

/* Begin PBXSourcesBuildPhase section */
		79F0FA4D1FCAD08A00EDF1AE /* Sources */ = {
			isa = PBXSourcesBuildPhase;
			buildActionMask = 2147483647;
			files = (
				79247BB11FCE56C2003BCC58 /* RegisterController.swift in Sources */,
				79F18E8D20078C310091530A /* GenerateQRController.swift in Sources */,
				7982AA261FE2813700BD2078 /* HistoryPaymentController.swift in Sources */,
				7961C7912009505200AB93A6 /* PaymentController.swift in Sources */,
				79F0FA571FCAD08A00EDF1AE /* LoginPageController.swift in Sources */,
				79C58DF71FCAEA4400CB5C4B /* MainPageController.swift in Sources */,
				79F0FA551FCAD08A00EDF1AE /* AppDelegate.swift in Sources */,
			);
			runOnlyForDeploymentPostprocessing = 0;
		};
		79F0FA611FCAD08A00EDF1AE /* Sources */ = {
			isa = PBXSourcesBuildPhase;
			buildActionMask = 2147483647;
			files = (
				79F0FA6A1FCAD08A00EDF1AE /* eWalletTests.swift in Sources */,
			);
			runOnlyForDeploymentPostprocessing = 0;
		};
		79F0FA6C1FCAD08A00EDF1AE /* Sources */ = {
			isa = PBXSourcesBuildPhase;
			buildActionMask = 2147483647;
			files = (
				79F0FA751FCAD08A00EDF1AE /* eWalletUITests.swift in Sources */,
			);
			runOnlyForDeploymentPostprocessing = 0;
		};
/* End PBXSourcesBuildPhase section */

/* Begin PBXTargetDependency section */
		79F0FA671FCAD08A00EDF1AE /* PBXTargetDependency */ = {
			isa = PBXTargetDependency;
			target = 79F0FA501FCAD08A00EDF1AE /* eWallet */;
			targetProxy = 79F0FA661FCAD08A00EDF1AE /* PBXContainerItemProxy */;
		};
		79F0FA721FCAD08A00EDF1AE /* PBXTargetDependency */ = {
			isa = PBXTargetDependency;
			target = 79F0FA501FCAD08A00EDF1AE /* eWallet */;
			targetProxy = 79F0FA711FCAD08A00EDF1AE /* PBXContainerItemProxy */;
		};
/* End PBXTargetDependency section */

/* Begin PBXVariantGroup section */
		79F0FA581FCAD08A00EDF1AE /* Main.storyboard */ = {
			isa = PBXVariantGroup;
			children = (
				79F0FA591FCAD08A00EDF1AE /* Base */,
			);
			name = Main.storyboard;
			sourceTree = "<group>";
		};
		79F0FA5D1FCAD08A00EDF1AE /* LaunchScreen.storyboard */ = {
			isa = PBXVariantGroup;
			children = (
				79F0FA5E1FCAD08A00EDF1AE /* Base */,
			);
			name = LaunchScreen.storyboard;
			sourceTree = "<group>";
		};
/* End PBXVariantGroup section */

/* Begin XCBuildConfiguration section */
		79F0FA771FCAD08A00EDF1AE /* Debug */ = {
			isa = XCBuildConfiguration;
			buildSettings = {
				ALWAYS_SEARCH_USER_PATHS = NO;
				CLANG_ANALYZER_NONNULL = YES;
				CLANG_ANALYZER_NUMBER_OBJECT_CONVERSION = YES_AGGRESSIVE;
				CLANG_CXX_LANGUAGE_STANDARD = "gnu++14";
				CLANG_CXX_LIBRARY = "libc++";
				CLANG_ENABLE_MODULES = YES;
				CLANG_ENABLE_OBJC_ARC = YES;
				CLANG_WARN_BLOCK_CAPTURE_AUTORELEASING = YES;
				CLANG_WARN_BOOL_CONVERSION = YES;
				CLANG_WARN_COMMA = YES;
				CLANG_WARN_CONSTANT_CONVERSION = YES;
				CLANG_WARN_DIRECT_OBJC_ISA_USAGE = YES_ERROR;
				CLANG_WARN_DOCUMENTATION_COMMENTS = YES;
				CLANG_WARN_EMPTY_BODY = YES;
				CLANG_WARN_ENUM_CONVERSION = YES;
				CLANG_WARN_INFINITE_RECURSION = YES;
				CLANG_WARN_INT_CONVERSION = YES;
				CLANG_WARN_NON_LITERAL_NULL_CONVERSION = YES;
				CLANG_WARN_OBJC_LITERAL_CONVERSION = YES;
				CLANG_WARN_OBJC_ROOT_CLASS = YES_ERROR;
				CLANG_WARN_RANGE_LOOP_ANALYSIS = YES;
				CLANG_WARN_STRICT_PROTOTYPES = YES;
				CLANG_WARN_SUSPICIOUS_MOVE = YES;
				CLANG_WARN_UNGUARDED_AVAILABILITY = YES_AGGRESSIVE;
				CLANG_WARN_UNREACHABLE_CODE = YES;
				CLANG_WARN__DUPLICATE_METHOD_MATCH = YES;
				CODE_SIGN_IDENTITY = "iPhone Developer";
				COPY_PHASE_STRIP = NO;
				DEBUG_INFORMATION_FORMAT = dwarf;
				ENABLE_STRICT_OBJC_MSGSEND = YES;
				ENABLE_TESTABILITY = YES;
				GCC_C_LANGUAGE_STANDARD = gnu11;
				GCC_DYNAMIC_NO_PIC = NO;
				GCC_NO_COMMON_BLOCKS = YES;
				GCC_OPTIMIZATION_LEVEL = 0;
				GCC_PREPROCESSOR_DEFINITIONS = (
					"DEBUG=1",
					"$(inherited)",
				);
				GCC_WARN_64_TO_32_BIT_CONVERSION = YES;
				GCC_WARN_ABOUT_RETURN_TYPE = YES_ERROR;
				GCC_WARN_UNDECLARED_SELECTOR = YES;
				GCC_WARN_UNINITIALIZED_AUTOS = YES_AGGRESSIVE;
				GCC_WARN_UNUSED_FUNCTION = YES;
				GCC_WARN_UNUSED_VARIABLE = YES;
				IPHONEOS_DEPLOYMENT_TARGET = 11.1;
				MTL_ENABLE_DEBUG_INFO = YES;
				ONLY_ACTIVE_ARCH = YES;
				SDKROOT = iphoneos;
				SWIFT_ACTIVE_COMPILATION_CONDITIONS = DEBUG;
				SWIFT_OPTIMIZATION_LEVEL = "-Onone";
			};
			name = Debug;
		};
		79F0FA781FCAD08A00EDF1AE /* Release */ = {
			isa = XCBuildConfiguration;
			buildSettings = {
				ALWAYS_SEARCH_USER_PATHS = NO;
				CLANG_ANALYZER_NONNULL = YES;
				CLANG_ANALYZER_NUMBER_OBJECT_CONVERSION = YES_AGGRESSIVE;
				CLANG_CXX_LANGUAGE_STANDARD = "gnu++14";
				CLANG_CXX_LIBRARY = "libc++";
				CLANG_ENABLE_MODULES = YES;
				CLANG_ENABLE_OBJC_ARC = YES;
				CLANG_WARN_BLOCK_CAPTURE_AUTORELEASING = YES;
				CLANG_WARN_BOOL_CONVERSION = YES;
				CLANG_WARN_COMMA = YES;
				CLANG_WARN_CONSTANT_CONVERSION = YES;
				CLANG_WARN_DIRECT_OBJC_ISA_USAGE = YES_ERROR;
				CLANG_WARN_DOCUMENTATION_COMMENTS = YES;
				CLANG_WARN_EMPTY_BODY = YES;
				CLANG_WARN_ENUM_CONVERSION = YES;
				CLANG_WARN_INFINITE_RECURSION = YES;
				CLANG_WARN_INT_CONVERSION = YES;
				CLANG_WARN_NON_LITERAL_NULL_CONVERSION = YES;
				CLANG_WARN_OBJC_LITERAL_CONVERSION = YES;
				CLANG_WARN_OBJC_ROOT_CLASS = YES_ERROR;
				CLANG_WARN_RANGE_LOOP_ANALYSIS = YES;
				CLANG_WARN_STRICT_PROTOTYPES = YES;
				CLANG_WARN_SUSPICIOUS_MOVE = YES;
				CLANG_WARN_UNGUARDED_AVAILABILITY = YES_AGGRESSIVE;
				CLANG_WARN_UNREACHABLE_CODE = YES;
				CLANG_WARN__DUPLICATE_METHOD_MATCH = YES;
				CODE_SIGN_IDENTITY = "iPhone Developer";
				COPY_PHASE_STRIP = NO;
				DEBUG_INFORMATION_FORMAT = "dwarf-with-dsym";
				ENABLE_NS_ASSERTIONS = NO;
				ENABLE_STRICT_OBJC_MSGSEND = YES;
				GCC_C_LANGUAGE_STANDARD = gnu11;
				GCC_NO_COMMON_BLOCKS = YES;
				GCC_WARN_64_TO_32_BIT_CONVERSION = YES;
				GCC_WARN_ABOUT_RETURN_TYPE = YES_ERROR;
				GCC_WARN_UNDECLARED_SELECTOR = YES;
				GCC_WARN_UNINITIALIZED_AUTOS = YES_AGGRESSIVE;
				GCC_WARN_UNUSED_FUNCTION = YES;
				GCC_WARN_UNUSED_VARIABLE = YES;
				IPHONEOS_DEPLOYMENT_TARGET = 11.1;
				MTL_ENABLE_DEBUG_INFO = NO;
				SDKROOT = iphoneos;
				SWIFT_OPTIMIZATION_LEVEL = "-Owholemodule";
				VALIDATE_PRODUCT = YES;
			};
			name = Release;
		};
		79F0FA7A1FCAD08A00EDF1AE /* Debug */ = {
			isa = XCBuildConfiguration;
			baseConfigurationReference = A3BB8E22AEBD25EAD0433967 /* Pods-eWallet.debug.xcconfig */;
			buildSettings = {
				ASSETCATALOG_COMPILER_APPICON_NAME = AppIcon;
				CODE_SIGN_STYLE = Automatic;
				DEVELOPMENT_TEAM = JK627HL64E;
				INFOPLIST_FILE = eWallet/Info.plist;
				LD_RUNPATH_SEARCH_PATHS = "$(inherited) @executable_path/Frameworks";
				PRODUCT_BUNDLE_IDENTIFIER = "com.suthesis-13570020.eWallet";
				PRODUCT_NAME = "$(TARGET_NAME)";
				SWIFT_VERSION = 4.0;
				TARGETED_DEVICE_FAMILY = 1;
			};
			name = Debug;
		};
		79F0FA7B1FCAD08A00EDF1AE /* Release */ = {
			isa = XCBuildConfiguration;
			baseConfigurationReference = AE5346AD8F8E93C8F60D0F22 /* Pods-eWallet.release.xcconfig */;
			buildSettings = {
				ASSETCATALOG_COMPILER_APPICON_NAME = AppIcon;
				CODE_SIGN_STYLE = Automatic;
				DEVELOPMENT_TEAM = JK627HL64E;
				INFOPLIST_FILE = eWallet/Info.plist;
				LD_RUNPATH_SEARCH_PATHS = "$(inherited) @executable_path/Frameworks";
				PRODUCT_BUNDLE_IDENTIFIER = "com.suthesis-13570020.eWallet";
				PRODUCT_NAME = "$(TARGET_NAME)";
				SWIFT_VERSION = 4.0;
				TARGETED_DEVICE_FAMILY = 1;
			};
			name = Release;
		};
		79F0FA7D1FCAD08A00EDF1AE /* Debug */ = {
			isa = XCBuildConfiguration;
			baseConfigurationReference = 5A4A18E3B6113E6B90096CF5 /* Pods-eWalletTests.debug.xcconfig */;
			buildSettings = {
				ALWAYS_EMBED_SWIFT_STANDARD_LIBRARIES = YES;
				BUNDLE_LOADER = "$(TEST_HOST)";
				CODE_SIGN_STYLE = Automatic;
				INFOPLIST_FILE = eWalletTests/Info.plist;
				LD_RUNPATH_SEARCH_PATHS = "$(inherited) @executable_path/Frameworks @loader_path/Frameworks";
				PRODUCT_BUNDLE_IDENTIFIER = "com.suthesis-13570020.eWalletTests";
				PRODUCT_NAME = "$(TARGET_NAME)";
				SWIFT_VERSION = 4.0;
				TARGETED_DEVICE_FAMILY = "1,2";
				TEST_HOST = "$(BUILT_PRODUCTS_DIR)/eWallet.app/eWallet";
			};
			name = Debug;
		};
		79F0FA7E1FCAD08A00EDF1AE /* Release */ = {
			isa = XCBuildConfiguration;
			baseConfigurationReference = 44C23890938D573BAEE955BA /* Pods-eWalletTests.release.xcconfig */;
			buildSettings = {
				ALWAYS_EMBED_SWIFT_STANDARD_LIBRARIES = YES;
				BUNDLE_LOADER = "$(TEST_HOST)";
				CODE_SIGN_STYLE = Automatic;
				INFOPLIST_FILE = eWalletTests/Info.plist;
				LD_RUNPATH_SEARCH_PATHS = "$(inherited) @executable_path/Frameworks @loader_path/Frameworks";
				PRODUCT_BUNDLE_IDENTIFIER = "com.suthesis-13570020.eWalletTests";
				PRODUCT_NAME = "$(TARGET_NAME)";
				SWIFT_VERSION = 4.0;
				TARGETED_DEVICE_FAMILY = "1,2";
				TEST_HOST = "$(BUILT_PRODUCTS_DIR)/eWallet.app/eWallet";
			};
			name = Release;
		};
		79F0FA801FCAD08A00EDF1AE /* Debug */ = {
			isa = XCBuildConfiguration;
			baseConfigurationReference = E48E3CEFCAA068D33CD3D083 /* Pods-eWalletUITests.debug.xcconfig */;
			buildSettings = {
				ALWAYS_EMBED_SWIFT_STANDARD_LIBRARIES = YES;
				CODE_SIGN_STYLE = Automatic;
				INFOPLIST_FILE = eWalletUITests/Info.plist;
				LD_RUNPATH_SEARCH_PATHS = "$(inherited) @executable_path/Frameworks @loader_path/Frameworks";
				PRODUCT_BUNDLE_IDENTIFIER = "com.suthesis-13570020.eWalletUITests";
				PRODUCT_NAME = "$(TARGET_NAME)";
				SWIFT_VERSION = 4.0;
				TARGETED_DEVICE_FAMILY = "1,2";
				TEST_TARGET_NAME = eWallet;
			};
			name = Debug;
		};
		79F0FA811FCAD08A00EDF1AE /* Release */ = {
			isa = XCBuildConfiguration;
			baseConfigurationReference = E20C30F17FB2954D12327357 /* Pods-eWalletUITests.release.xcconfig */;
			buildSettings = {
				ALWAYS_EMBED_SWIFT_STANDARD_LIBRARIES = YES;
				CODE_SIGN_STYLE = Automatic;
				INFOPLIST_FILE = eWalletUITests/Info.plist;
				LD_RUNPATH_SEARCH_PATHS = "$(inherited) @executable_path/Frameworks @loader_path/Frameworks";
				PRODUCT_BUNDLE_IDENTIFIER = "com.suthesis-13570020.eWalletUITests";
				PRODUCT_NAME = "$(TARGET_NAME)";
				SWIFT_VERSION = 4.0;
				TARGETED_DEVICE_FAMILY = "1,2";
				TEST_TARGET_NAME = eWallet;
			};
			name = Release;
		};
/* End XCBuildConfiguration section */

/* Begin XCConfigurationList section */
		79F0FA4C1FCAD08A00EDF1AE /* Build configuration list for PBXProject "eWallet" */ = {
			isa = XCConfigurationList;
			buildConfigurations = (
				79F0FA771FCAD08A00EDF1AE /* Debug */,
				79F0FA781FCAD08A00EDF1AE /* Release */,
			);
			defaultConfigurationIsVisible = 0;
			defaultConfigurationName = Release;
		};
		79F0FA791FCAD08A00EDF1AE /* Build configuration list for PBXNativeTarget "eWallet" */ = {
			isa = XCConfigurationList;
			buildConfigurations = (
				79F0FA7A1FCAD08A00EDF1AE /* Debug */,
				79F0FA7B1FCAD08A00EDF1AE /* Release */,
			);
			defaultConfigurationIsVisible = 0;
			defaultConfigurationName = Release;
		};
		79F0FA7C1FCAD08A00EDF1AE /* Build configuration list for PBXNativeTarget "eWalletTests" */ = {
			isa = XCConfigurationList;
			buildConfigurations = (
				79F0FA7D1FCAD08A00EDF1AE /* Debug */,
				79F0FA7E1FCAD08A00EDF1AE /* Release */,
			);
			defaultConfigurationIsVisible = 0;
			defaultConfigurationName = Release;
		};
		79F0FA7F1FCAD08A00EDF1AE /* Build configuration list for PBXNativeTarget "eWalletUITests" */ = {
			isa = XCConfigurationList;
			buildConfigurations = (
				79F0FA801FCAD08A00EDF1AE /* Debug */,
				79F0FA811FCAD08A00EDF1AE /* Release */,
			);
			defaultConfigurationIsVisible = 0;
			defaultConfigurationName = Release;
		};
/* End XCConfigurationList section */
	};
	rootObject = 79F0FA491FCAD08A00EDF1AE /* Project object */;
}
